
Microsoft Visual Studio Solution File, Format Version 12.00
# Visual Studio Version 17
VisualStudioVersion = 17.7.34003.232
MinimumVisualStudioVersion = 10.0.40219.1
Project("{FAE04EC0-301F-11D3-BF4B-00C04F79EFBC}") = "Ejercicio5", "Ejercicio5\Ejercicio5.csproj", "{E2359C0B-B0F8-4639-B341-0D41C9A69545}"
EndProject
Global
	GlobalSection(SolutionConfigurationPlatforms) = preSolution
		Debug|Any CPU = Debug|Any CPU
		Release|Any CPU = Release|Any CPU
	EndGlobalSection
	GlobalSection(ProjectConfigurationPlatforms) = postSolution
		{E2359C0B-B0F8-4639-B341-0D41C9A69545}.Debug|Any CPU.ActiveCfg = Debug|Any CPU
		{E2359C0B-B0F8-4639-B341-0D41C9A69545}.Debug|Any CPU.Build.0 = Debug|Any CPU
		{E2359C0B-B0F8-4639-B341-0D41C9A69545}.Release|Any CPU.ActiveCfg = Release|Any CPU
		{E2359C0B-B0F8-4639-B341-0D41C9A69545}.Release|Any CPU.Build.0 = Release|Any CPU
	EndGlobalSection
	GlobalSection(SolutionProperties) = preSolution
		HideSolutionNode = FALSE
	EndGlobalSection
	GlobalSection(ExtensibilityGlobals) = postSolution
		SolutionGuid = {AB6120E4-72AF-461C-B1A4-5414F52A81AB}
	EndGlobalSection
EndGlobal
